// !$*UTF8*$!
{
	archiveVersion = 1;
	classes = {
	};
	objectVersion = 55;
	objects = {

/* Begin PBXBuildFile section */
		0CCB6F6955A11F843A56F9EB /* Pods_iOS_assignment3_iOS_assignment3UITests.framework in Frameworks */ = {isa = PBXBuildFile; fileRef = 901190AF570D2766E1FBB84F /* Pods_iOS_assignment3_iOS_assignment3UITests.framework */; };
		69E8BBABF90E55BDAFDD564E /* Pods_iOS_assignment3Tests.framework in Frameworks */ = {isa = PBXBuildFile; fileRef = D1C5578EA7AA033F81743940 /* Pods_iOS_assignment3Tests.framework */; };
		730CF3D0B3B0A792F0A43F90 /* Pods_iOS_assignment3.framework in Frameworks */ = {isa = PBXBuildFile; fileRef = 9AE0C4B287F3BC877BAC1802 /* Pods_iOS_assignment3.framework */; };
		E7169963282D4C0600386B9C /* SignUpModel.swift in Sources */ = {isa = PBXBuildFile; fileRef = E7169962282D4C0600386B9C /* SignUpModel.swift */; };
		E75863892829E3AA00D8EC45 /* Colors.xcassets in Resources */ = {isa = PBXBuildFile; fileRef = E75863882829E3AA00D8EC45 /* Colors.xcassets */; };
		E758638B2829E4AC00D8EC45 /* UIColor+.swift in Sources */ = {isa = PBXBuildFile; fileRef = E758638A2829E4AC00D8EC45 /* UIColor+.swift */; };
		E7633CB9282C8B7C00F0EF04 /* APIConstants.swift in Sources */ = {isa = PBXBuildFile; fileRef = E7633CB8282C8B7C00F0EF04 /* APIConstants.swift */; };
		E7633CBB282C8BEC00F0EF04 /* NetworkResult.swift in Sources */ = {isa = PBXBuildFile; fileRef = E7633CBA282C8BEC00F0EF04 /* NetworkResult.swift */; };
		E7633CBE282C8C2300F0EF04 /* LoginModel.swift in Sources */ = {isa = PBXBuildFile; fileRef = E7633CBD282C8C2300F0EF04 /* LoginModel.swift */; };
		E7633CC1282C8C5B00F0EF04 /* UserService.swift in Sources */ = {isa = PBXBuildFile; fileRef = E7633CC0282C8C5B00F0EF04 /* UserService.swift */; };
		E78C75A9280BDDBC000CBF39 /* MainTabViewController.swift in Sources */ = {isa = PBXBuildFile; fileRef = E78C75A8280BDDBC000CBF39 /* MainTabViewController.swift */; };
		E78C75B4280C05F6000CBF39 /* ReelsTab.storyboard in Resources */ = {isa = PBXBuildFile; fileRef = E78C75B3280C05F6000CBF39 /* ReelsTab.storyboard */; };
		E78C75B9280C11EB000CBF39 /* ReelsTabViewController.swift in Sources */ = {isa = PBXBuildFile; fileRef = E78C75B8280C11EB000CBF39 /* ReelsTabViewController.swift */; };
		E78CAD00280BD24A00BED47D /* HomeTab.storyboard in Resources */ = {isa = PBXBuildFile; fileRef = E78CACFF280BD24A00BED47D /* HomeTab.storyboard */; };
		E78CAD02280BD26000BED47D /* SearchTab.storyboard in Resources */ = {isa = PBXBuildFile; fileRef = E78CAD01280BD26000BED47D /* SearchTab.storyboard */; };
		E78CAD06280BD27B00BED47D /* ShopTap.storyboard in Resources */ = {isa = PBXBuildFile; fileRef = E78CAD05280BD27B00BED47D /* ShopTap.storyboard */; };
		E78CAD08280BD29000BED47D /* SOPTTab.storyboard in Resources */ = {isa = PBXBuildFile; fileRef = E78CAD07280BD29000BED47D /* SOPTTab.storyboard */; };
		E79E38F7280BABA000988525 /* SignInCompleted.storyboard in Resources */ = {isa = PBXBuildFile; fileRef = E79E38F6280BABA000988525 /* SignInCompleted.storyboard */; };
		E79E38F9280BABAC00988525 /* SignInCompletedViewController.swift in Sources */ = {isa = PBXBuildFile; fileRef = E79E38F8280BABAC00988525 /* SignInCompletedViewController.swift */; };
		E79E38FB280BC30700988525 /* MainTab.storyboard in Resources */ = {isa = PBXBuildFile; fileRef = E79E38FA280BC30700988525 /* MainTab.storyboard */; };
		E7D2B535280992800095CAF8 /* AppDelegate.swift in Sources */ = {isa = PBXBuildFile; fileRef = E7D2B534280992800095CAF8 /* AppDelegate.swift */; };
		E7D2B537280992800095CAF8 /* SceneDelegate.swift in Sources */ = {isa = PBXBuildFile; fileRef = E7D2B536280992800095CAF8 /* SceneDelegate.swift */; };
		E7D2B53C280992800095CAF8 /* Main.storyboard in Resources */ = {isa = PBXBuildFile; fileRef = E7D2B53A280992800095CAF8 /* Main.storyboard */; };
		E7D2B53E280992810095CAF8 /* Assets.xcassets in Resources */ = {isa = PBXBuildFile; fileRef = E7D2B53D280992810095CAF8 /* Assets.xcassets */; };
		E7D2B541280992810095CAF8 /* LaunchScreen.storyboard in Resources */ = {isa = PBXBuildFile; fileRef = E7D2B53F280992810095CAF8 /* LaunchScreen.storyboard */; };
		E7D2B565280A5C780095CAF8 /* LoginViewController.swift in Sources */ = {isa = PBXBuildFile; fileRef = E7D2B564280A5C780095CAF8 /* LoginViewController.swift */; };
		E7EA8FD3280A824B00C2A2C0 /* SignUpUserName.storyboard in Resources */ = {isa = PBXBuildFile; fileRef = E7EA8FD2280A824B00C2A2C0 /* SignUpUserName.storyboard */; };
		E7EA8FD5280A825700C2A2C0 /* SignUpPassword.storyboard in Resources */ = {isa = PBXBuildFile; fileRef = E7EA8FD4280A825700C2A2C0 /* SignUpPassword.storyboard */; };
		E7EA8FD7280A826D00C2A2C0 /* SignUpUserNameViewController.swift in Sources */ = {isa = PBXBuildFile; fileRef = E7EA8FD6280A826D00C2A2C0 /* SignUpUserNameViewController.swift */; };
		E7EA8FD9280A827B00C2A2C0 /* SignUpPasswordViewController.swift in Sources */ = {isa = PBXBuildFile; fileRef = E7EA8FD8280A827B00C2A2C0 /* SignUpPasswordViewController.swift */; };
		E7F1DF4E2823B8800080199A /* HomeTabViewController.swift in Sources */ = {isa = PBXBuildFile; fileRef = E7F1DF4D2823B8800080199A /* HomeTabViewController.swift */; };
		E7F1DF532823D3640080199A /* HomeFeedTableViewCell.swift in Sources */ = {isa = PBXBuildFile; fileRef = E7F1DF512823D3640080199A /* HomeFeedTableViewCell.swift */; };
		E7F1DF542823D3640080199A /* HomeFeedTableViewCell.xib in Resources */ = {isa = PBXBuildFile; fileRef = E7F1DF522823D3640080199A /* HomeFeedTableViewCell.xib */; };
		E7F1DF59282421800080199A /* HomeStoryCollectionViewCell.swift in Sources */ = {isa = PBXBuildFile; fileRef = E7F1DF57282421800080199A /* HomeStoryCollectionViewCell.swift */; };
		E7F1DF5A282421800080199A /* HomeStoryCollectionViewCell.xib in Resources */ = {isa = PBXBuildFile; fileRef = E7F1DF58282421800080199A /* HomeStoryCollectionViewCell.xib */; };
		E7F1DF5E282426F80080199A /* HomeFeedDataModel.swift in Sources */ = {isa = PBXBuildFile; fileRef = E7F1DF5D282426F80080199A /* HomeFeedDataModel.swift */; };
		E7F1DF6128242D640080199A /* HomeStoryDataModel.swift in Sources */ = {isa = PBXBuildFile; fileRef = E7F1DF6028242D640080199A /* HomeStoryDataModel.swift */; };
		E7F1DF682824D8880080199A /* HomeStoryTableViewCell.swift in Sources */ = {isa = PBXBuildFile; fileRef = E7F1DF662824D8880080199A /* HomeStoryTableViewCell.swift */; };
		E7F1DF692824D8880080199A /* HomeStoryTableViewCell.xib in Resources */ = {isa = PBXBuildFile; fileRef = E7F1DF672824D8880080199A /* HomeStoryTableViewCell.xib */; };
/* End PBXBuildFile section */

/* Begin PBXContainerItemProxy section */
		E7D2B548280992810095CAF8 /* PBXContainerItemProxy */ = {
			isa = PBXContainerItemProxy;
			containerPortal = E7D2B529280992800095CAF8 /* Project object */;
			proxyType = 1;
			remoteGlobalIDString = E7D2B530280992800095CAF8;
			remoteInfo = iOS_assignment2;
		};
		E7D2B552280992810095CAF8 /* PBXContainerItemProxy */ = {
			isa = PBXContainerItemProxy;
			containerPortal = E7D2B529280992800095CAF8 /* Project object */;
			proxyType = 1;
			remoteGlobalIDString = E7D2B530280992800095CAF8;
			remoteInfo = iOS_assignment2;
		};
/* End PBXContainerItemProxy section */

/* Begin PBXFileReference section */
		15CE8740BE10B5615762CFB6 /* Pods-iOS_assignment3Tests.release.xcconfig */ = {isa = PBXFileReference; includeInIndex = 1; lastKnownFileType = text.xcconfig; name = "Pods-iOS_assignment3Tests.release.xcconfig"; path = "Target Support Files/Pods-iOS_assignment3Tests/Pods-iOS_assignment3Tests.release.xcconfig"; sourceTree = "<group>"; };
		46F09818296E12024F621719 /* Pods-iOS_assignment3Tests.debug.xcconfig */ = {isa = PBXFileReference; includeInIndex = 1; lastKnownFileType = text.xcconfig; name = "Pods-iOS_assignment3Tests.debug.xcconfig"; path = "Target Support Files/Pods-iOS_assignment3Tests/Pods-iOS_assignment3Tests.debug.xcconfig"; sourceTree = "<group>"; };
		50D6E745D613F601E6802621 /* Pods-iOS_assignment3-iOS_assignment3UITests.release.xcconfig */ = {isa = PBXFileReference; includeInIndex = 1; lastKnownFileType = text.xcconfig; name = "Pods-iOS_assignment3-iOS_assignment3UITests.release.xcconfig"; path = "Target Support Files/Pods-iOS_assignment3-iOS_assignment3UITests/Pods-iOS_assignment3-iOS_assignment3UITests.release.xcconfig"; sourceTree = "<group>"; };
		82B015B967963D0B65D153E7 /* Pods-iOS_assignment3.debug.xcconfig */ = {isa = PBXFileReference; includeInIndex = 1; lastKnownFileType = text.xcconfig; name = "Pods-iOS_assignment3.debug.xcconfig"; path = "Target Support Files/Pods-iOS_assignment3/Pods-iOS_assignment3.debug.xcconfig"; sourceTree = "<group>"; };
		901190AF570D2766E1FBB84F /* Pods_iOS_assignment3_iOS_assignment3UITests.framework */ = {isa = PBXFileReference; explicitFileType = wrapper.framework; includeInIndex = 0; path = Pods_iOS_assignment3_iOS_assignment3UITests.framework; sourceTree = BUILT_PRODUCTS_DIR; };
		9AE0C4B287F3BC877BAC1802 /* Pods_iOS_assignment3.framework */ = {isa = PBXFileReference; explicitFileType = wrapper.framework; includeInIndex = 0; path = Pods_iOS_assignment3.framework; sourceTree = BUILT_PRODUCTS_DIR; };
		9C2E190BDA3E6CC449F989CD /* Pods-iOS_assignment3.release.xcconfig */ = {isa = PBXFileReference; includeInIndex = 1; lastKnownFileType = text.xcconfig; name = "Pods-iOS_assignment3.release.xcconfig"; path = "Target Support Files/Pods-iOS_assignment3/Pods-iOS_assignment3.release.xcconfig"; sourceTree = "<group>"; };
		D1C5578EA7AA033F81743940 /* Pods_iOS_assignment3Tests.framework */ = {isa = PBXFileReference; explicitFileType = wrapper.framework; includeInIndex = 0; path = Pods_iOS_assignment3Tests.framework; sourceTree = BUILT_PRODUCTS_DIR; };
		E7169962282D4C0600386B9C /* SignUpModel.swift */ = {isa = PBXFileReference; lastKnownFileType = sourcecode.swift; path = SignUpModel.swift; sourceTree = "<group>"; };
		E75863882829E3AA00D8EC45 /* Colors.xcassets */ = {isa = PBXFileReference; lastKnownFileType = folder.assetcatalog; path = Colors.xcassets; sourceTree = "<group>"; };
		E758638A2829E4AC00D8EC45 /* UIColor+.swift */ = {isa = PBXFileReference; lastKnownFileType = sourcecode.swift; path = "UIColor+.swift"; sourceTree = "<group>"; };
		E7633CB8282C8B7C00F0EF04 /* APIConstants.swift */ = {isa = PBXFileReference; lastKnownFileType = sourcecode.swift; path = APIConstants.swift; sourceTree = "<group>"; };
		E7633CBA282C8BEC00F0EF04 /* NetworkResult.swift */ = {isa = PBXFileReference; lastKnownFileType = sourcecode.swift; path = NetworkResult.swift; sourceTree = "<group>"; };
		E7633CBD282C8C2300F0EF04 /* LoginModel.swift */ = {isa = PBXFileReference; lastKnownFileType = sourcecode.swift; path = LoginModel.swift; sourceTree = "<group>"; };
		E7633CC0282C8C5B00F0EF04 /* UserService.swift */ = {isa = PBXFileReference; lastKnownFileType = sourcecode.swift; path = UserService.swift; sourceTree = "<group>"; };
		E78C75A8280BDDBC000CBF39 /* MainTabViewController.swift */ = {isa = PBXFileReference; lastKnownFileType = sourcecode.swift; path = MainTabViewController.swift; sourceTree = "<group>"; };
		E78C75B3280C05F6000CBF39 /* ReelsTab.storyboard */ = {isa = PBXFileReference; lastKnownFileType = file.storyboard; path = ReelsTab.storyboard; sourceTree = "<group>"; };
		E78C75B8280C11EB000CBF39 /* ReelsTabViewController.swift */ = {isa = PBXFileReference; lastKnownFileType = sourcecode.swift; path = ReelsTabViewController.swift; sourceTree = "<group>"; };
		E78CACFF280BD24A00BED47D /* HomeTab.storyboard */ = {isa = PBXFileReference; lastKnownFileType = file.storyboard; path = HomeTab.storyboard; sourceTree = "<group>"; };
		E78CAD01280BD26000BED47D /* SearchTab.storyboard */ = {isa = PBXFileReference; lastKnownFileType = file.storyboard; path = SearchTab.storyboard; sourceTree = "<group>"; };
		E78CAD05280BD27B00BED47D /* ShopTap.storyboard */ = {isa = PBXFileReference; lastKnownFileType = file.storyboard; path = ShopTap.storyboard; sourceTree = "<group>"; };
		E78CAD07280BD29000BED47D /* SOPTTab.storyboard */ = {isa = PBXFileReference; lastKnownFileType = file.storyboard; path = SOPTTab.storyboard; sourceTree = "<group>"; };
		E79E38F6280BABA000988525 /* SignInCompleted.storyboard */ = {isa = PBXFileReference; lastKnownFileType = file.storyboard; path = SignInCompleted.storyboard; sourceTree = "<group>"; };
		E79E38F8280BABAC00988525 /* SignInCompletedViewController.swift */ = {isa = PBXFileReference; lastKnownFileType = sourcecode.swift; path = SignInCompletedViewController.swift; sourceTree = "<group>"; };
		E79E38FA280BC30700988525 /* MainTab.storyboard */ = {isa = PBXFileReference; lastKnownFileType = file.storyboard; path = MainTab.storyboard; sourceTree = "<group>"; };
		E7D2B531280992800095CAF8 /* iOS_assignment3.app */ = {isa = PBXFileReference; explicitFileType = wrapper.application; includeInIndex = 0; path = iOS_assignment3.app; sourceTree = BUILT_PRODUCTS_DIR; };
		E7D2B534280992800095CAF8 /* AppDelegate.swift */ = {isa = PBXFileReference; lastKnownFileType = sourcecode.swift; path = AppDelegate.swift; sourceTree = "<group>"; };
		E7D2B536280992800095CAF8 /* SceneDelegate.swift */ = {isa = PBXFileReference; lastKnownFileType = sourcecode.swift; path = SceneDelegate.swift; sourceTree = "<group>"; };
		E7D2B53B280992800095CAF8 /* Base */ = {isa = PBXFileReference; lastKnownFileType = file.storyboard; name = Base; path = Base.lproj/Main.storyboard; sourceTree = "<group>"; };
		E7D2B53D280992810095CAF8 /* Assets.xcassets */ = {isa = PBXFileReference; lastKnownFileType = folder.assetcatalog; path = Assets.xcassets; sourceTree = "<group>"; };
		E7D2B540280992810095CAF8 /* Base */ = {isa = PBXFileReference; lastKnownFileType = file.storyboard; name = Base; path = Base.lproj/LaunchScreen.storyboard; sourceTree = "<group>"; };
		E7D2B542280992810095CAF8 /* Info.plist */ = {isa = PBXFileReference; lastKnownFileType = text.plist.xml; path = Info.plist; sourceTree = "<group>"; };
		E7D2B547280992810095CAF8 /* iOS_assignment3Tests.xctest */ = {isa = PBXFileReference; explicitFileType = wrapper.cfbundle; includeInIndex = 0; path = iOS_assignment3Tests.xctest; sourceTree = BUILT_PRODUCTS_DIR; };
		E7D2B551280992810095CAF8 /* iOS_assignment3UITests.xctest */ = {isa = PBXFileReference; explicitFileType = wrapper.cfbundle; includeInIndex = 0; path = iOS_assignment3UITests.xctest; sourceTree = BUILT_PRODUCTS_DIR; };
		E7D2B564280A5C780095CAF8 /* LoginViewController.swift */ = {isa = PBXFileReference; lastKnownFileType = sourcecode.swift; path = LoginViewController.swift; sourceTree = "<group>"; };
		E7EA8FD2280A824B00C2A2C0 /* SignUpUserName.storyboard */ = {isa = PBXFileReference; lastKnownFileType = file.storyboard; path = SignUpUserName.storyboard; sourceTree = "<group>"; };
		E7EA8FD4280A825700C2A2C0 /* SignUpPassword.storyboard */ = {isa = PBXFileReference; lastKnownFileType = file.storyboard; path = SignUpPassword.storyboard; sourceTree = "<group>"; };
		E7EA8FD6280A826D00C2A2C0 /* SignUpUserNameViewController.swift */ = {isa = PBXFileReference; lastKnownFileType = sourcecode.swift; path = SignUpUserNameViewController.swift; sourceTree = "<group>"; };
		E7EA8FD8280A827B00C2A2C0 /* SignUpPasswordViewController.swift */ = {isa = PBXFileReference; lastKnownFileType = sourcecode.swift; path = SignUpPasswordViewController.swift; sourceTree = "<group>"; };
		E7F1DF4D2823B8800080199A /* HomeTabViewController.swift */ = {isa = PBXFileReference; lastKnownFileType = sourcecode.swift; path = HomeTabViewController.swift; sourceTree = "<group>"; };
		E7F1DF512823D3640080199A /* HomeFeedTableViewCell.swift */ = {isa = PBXFileReference; lastKnownFileType = sourcecode.swift; path = HomeFeedTableViewCell.swift; sourceTree = "<group>"; };
		E7F1DF522823D3640080199A /* HomeFeedTableViewCell.xib */ = {isa = PBXFileReference; lastKnownFileType = file.xib; path = HomeFeedTableViewCell.xib; sourceTree = "<group>"; };
		E7F1DF57282421800080199A /* HomeStoryCollectionViewCell.swift */ = {isa = PBXFileReference; lastKnownFileType = sourcecode.swift; path = HomeStoryCollectionViewCell.swift; sourceTree = "<group>"; };
		E7F1DF58282421800080199A /* HomeStoryCollectionViewCell.xib */ = {isa = PBXFileReference; lastKnownFileType = file.xib; path = HomeStoryCollectionViewCell.xib; sourceTree = "<group>"; };
		E7F1DF5D282426F80080199A /* HomeFeedDataModel.swift */ = {isa = PBXFileReference; lastKnownFileType = sourcecode.swift; path = HomeFeedDataModel.swift; sourceTree = "<group>"; };
		E7F1DF6028242D640080199A /* HomeStoryDataModel.swift */ = {isa = PBXFileReference; lastKnownFileType = sourcecode.swift; path = HomeStoryDataModel.swift; sourceTree = "<group>"; };
		E7F1DF662824D8880080199A /* HomeStoryTableViewCell.swift */ = {isa = PBXFileReference; lastKnownFileType = sourcecode.swift; path = HomeStoryTableViewCell.swift; sourceTree = "<group>"; };
		E7F1DF672824D8880080199A /* HomeStoryTableViewCell.xib */ = {isa = PBXFileReference; lastKnownFileType = file.xib; path = HomeStoryTableViewCell.xib; sourceTree = "<group>"; };
		FE97E232B3A8233D0FC1CA82 /* Pods-iOS_assignment3-iOS_assignment3UITests.debug.xcconfig */ = {isa = PBXFileReference; includeInIndex = 1; lastKnownFileType = text.xcconfig; name = "Pods-iOS_assignment3-iOS_assignment3UITests.debug.xcconfig"; path = "Target Support Files/Pods-iOS_assignment3-iOS_assignment3UITests/Pods-iOS_assignment3-iOS_assignment3UITests.debug.xcconfig"; sourceTree = "<group>"; };
/* End PBXFileReference section */

/* Begin PBXFrameworksBuildPhase section */
		E7D2B52E280992800095CAF8 /* Frameworks */ = {
			isa = PBXFrameworksBuildPhase;
			buildActionMask = 2147483647;
			files = (
				730CF3D0B3B0A792F0A43F90 /* Pods_iOS_assignment3.framework in Frameworks */,
			);
			runOnlyForDeploymentPostprocessing = 0;
		};
		E7D2B544280992810095CAF8 /* Frameworks */ = {
			isa = PBXFrameworksBuildPhase;
			buildActionMask = 2147483647;
			files = (
				69E8BBABF90E55BDAFDD564E /* Pods_iOS_assignment3Tests.framework in Frameworks */,
			);
			runOnlyForDeploymentPostprocessing = 0;
		};
		E7D2B54E280992810095CAF8 /* Frameworks */ = {
			isa = PBXFrameworksBuildPhase;
			buildActionMask = 2147483647;
			files = (
				0CCB6F6955A11F843A56F9EB /* Pods_iOS_assignment3_iOS_assignment3UITests.framework in Frameworks */,
			);
			runOnlyForDeploymentPostprocessing = 0;
		};
/* End PBXFrameworksBuildPhase section */

/* Begin PBXGroup section */
		439348AD95F49EBA7A2A351D /* Pods */ = {
			isa = PBXGroup;
			children = (
				82B015B967963D0B65D153E7 /* Pods-iOS_assignment3.debug.xcconfig */,
				9C2E190BDA3E6CC449F989CD /* Pods-iOS_assignment3.release.xcconfig */,
				FE97E232B3A8233D0FC1CA82 /* Pods-iOS_assignment3-iOS_assignment3UITests.debug.xcconfig */,
				50D6E745D613F601E6802621 /* Pods-iOS_assignment3-iOS_assignment3UITests.release.xcconfig */,
				46F09818296E12024F621719 /* Pods-iOS_assignment3Tests.debug.xcconfig */,
				15CE8740BE10B5615762CFB6 /* Pods-iOS_assignment3Tests.release.xcconfig */,
			);
			path = Pods;
			sourceTree = "<group>";
		};
		BAA76DD30ECD40C7644E7C25 /* Frameworks */ = {
			isa = PBXGroup;
			children = (
				9AE0C4B287F3BC877BAC1802 /* Pods_iOS_assignment3.framework */,
				901190AF570D2766E1FBB84F /* Pods_iOS_assignment3_iOS_assignment3UITests.framework */,
				D1C5578EA7AA033F81743940 /* Pods_iOS_assignment3Tests.framework */,
			);
			name = Frameworks;
			sourceTree = "<group>";
		};
		E7633CB7282C8B6500F0EF04 /* Network */ = {
			isa = PBXGroup;
			children = (
				E7633CB8282C8B7C00F0EF04 /* APIConstants.swift */,
				E7633CBA282C8BEC00F0EF04 /* NetworkResult.swift */,
			);
			path = Network;
			sourceTree = "<group>";
		};
		E7633CBC282C8C1500F0EF04 /* Model */ = {
			isa = PBXGroup;
			children = (
				E7633CBD282C8C2300F0EF04 /* LoginModel.swift */,
				E7169962282D4C0600386B9C /* SignUpModel.swift */,
			);
			path = Model;
			sourceTree = "<group>";
		};
		E7633CBF282C8C4D00F0EF04 /* Service */ = {
			isa = PBXGroup;
			children = (
				E7633CC0282C8C5B00F0EF04 /* UserService.swift */,
			);
			path = Service;
			sourceTree = "<group>";
		};
		E78C75B5280C0D8E000CBF39 /* Login */ = {
			isa = PBXGroup;
			children = (
				E7D2B53A280992800095CAF8 /* Main.storyboard */,
				E7D2B564280A5C780095CAF8 /* LoginViewController.swift */,
			);
			path = Login;
			sourceTree = "<group>";
		};
		E78C75B6280C0DA6000CBF39 /* SignUp */ = {
			isa = PBXGroup;
			children = (
				E7EA8FD2280A824B00C2A2C0 /* SignUpUserName.storyboard */,
				E7EA8FD6280A826D00C2A2C0 /* SignUpUserNameViewController.swift */,
				E7EA8FD4280A825700C2A2C0 /* SignUpPassword.storyboard */,
				E7EA8FD8280A827B00C2A2C0 /* SignUpPasswordViewController.swift */,
				E78C75B7280C0DC1000CBF39 /* Welcome */,
			);
			path = SignUp;
			sourceTree = "<group>";
		};
		E78C75B7280C0DC1000CBF39 /* Welcome */ = {
			isa = PBXGroup;
			children = (
				E79E38F6280BABA000988525 /* SignInCompleted.storyboard */,
				E79E38F8280BABAC00988525 /* SignInCompletedViewController.swift */,
			);
			path = Welcome;
			sourceTree = "<group>";
		};
		E78CAD09280BD2BA00BED47D /* TabBars */ = {
			isa = PBXGroup;
			children = (
				E7F1DF452823B6A60080199A /* Main */,
				E7F1DF442823B6930080199A /* Home */,
				E7F1DF462823B6B10080199A /* Search */,
				E7F1DF4B2823B6F00080199A /* Reels */,
				E7F1DF4A2823B6EA0080199A /* Shop */,
				E7F1DF4C2823B7430080199A /* SOPT */,
			);
			path = TabBars;
			sourceTree = "<group>";
		};
		E7D2B528280992800095CAF8 = {
			isa = PBXGroup;
			children = (
				E7D2B533280992800095CAF8 /* iOS_assignment3 */,
				E7D2B532280992800095CAF8 /* Products */,
				439348AD95F49EBA7A2A351D /* Pods */,
				BAA76DD30ECD40C7644E7C25 /* Frameworks */,
			);
			sourceTree = "<group>";
		};
		E7D2B532280992800095CAF8 /* Products */ = {
			isa = PBXGroup;
			children = (
				E7D2B531280992800095CAF8 /* iOS_assignment3.app */,
				E7D2B547280992810095CAF8 /* iOS_assignment3Tests.xctest */,
				E7D2B551280992810095CAF8 /* iOS_assignment3UITests.xctest */,
			);
			name = Products;
			sourceTree = "<group>";
		};
		E7D2B533280992800095CAF8 /* iOS_assignment3 */ = {
			isa = PBXGroup;
			children = (
				E7F1DF5B282426A60080199A /* Global */,
				E7633CBF282C8C4D00F0EF04 /* Service */,
				E7633CBC282C8C1500F0EF04 /* Model */,
				E7633CB7282C8B6500F0EF04 /* Network */,
				E78CAD09280BD2BA00BED47D /* TabBars */,
				E7F1DF422823B25E0080199A /* Auth */,
				E7F1DF432823B3140080199A /* Resource */,
				E7D2B542280992810095CAF8 /* Info.plist */,
			);
			path = iOS_assignment3;
			sourceTree = "<group>";
		};
		E7F1DF422823B25E0080199A /* Auth */ = {
			isa = PBXGroup;
			children = (
				E78C75B5280C0D8E000CBF39 /* Login */,
				E78C75B6280C0DA6000CBF39 /* SignUp */,
			);
			path = Auth;
			sourceTree = "<group>";
		};
		E7F1DF432823B3140080199A /* Resource */ = {
			isa = PBXGroup;
			children = (
				E75863882829E3AA00D8EC45 /* Colors.xcassets */,
				E7D2B53D280992810095CAF8 /* Assets.xcassets */,
				E7D2B534280992800095CAF8 /* AppDelegate.swift */,
				E7D2B536280992800095CAF8 /* SceneDelegate.swift */,
				E7D2B53F280992810095CAF8 /* LaunchScreen.storyboard */,
			);
			path = Resource;
			sourceTree = "<group>";
		};
		E7F1DF442823B6930080199A /* Home */ = {
			isa = PBXGroup;
			children = (
				E7F1DF5F282427F40080199A /* Main */,
				E7F1DF562824215D0080199A /* Story */,
				E7F1DF552824214A0080199A /* Feed */,
			);
			path = Home;
			sourceTree = "<group>";
		};
		E7F1DF452823B6A60080199A /* Main */ = {
			isa = PBXGroup;
			children = (
				E79E38FA280BC30700988525 /* MainTab.storyboard */,
				E78C75A8280BDDBC000CBF39 /* MainTabViewController.swift */,
			);
			path = Main;
			sourceTree = "<group>";
		};
		E7F1DF462823B6B10080199A /* Search */ = {
			isa = PBXGroup;
			children = (
				E78CAD01280BD26000BED47D /* SearchTab.storyboard */,
			);
			path = Search;
			sourceTree = "<group>";
		};
		E7F1DF4A2823B6EA0080199A /* Shop */ = {
			isa = PBXGroup;
			children = (
				E78CAD05280BD27B00BED47D /* ShopTap.storyboard */,
			);
			path = Shop;
			sourceTree = "<group>";
		};
		E7F1DF4B2823B6F00080199A /* Reels */ = {
			isa = PBXGroup;
			children = (
				E78C75B3280C05F6000CBF39 /* ReelsTab.storyboard */,
				E78C75B8280C11EB000CBF39 /* ReelsTabViewController.swift */,
			);
			path = Reels;
			sourceTree = "<group>";
		};
		E7F1DF4C2823B7430080199A /* SOPT */ = {
			isa = PBXGroup;
			children = (
				E78CAD07280BD29000BED47D /* SOPTTab.storyboard */,
			);
			path = SOPT;
			sourceTree = "<group>";
		};
		E7F1DF552824214A0080199A /* Feed */ = {
			isa = PBXGroup;
			children = (
				E7F1DF6328242F400080199A /* Model */,
				E7F1DF6C2824DACD0080199A /* TableViewCell */,
			);
			path = Feed;
			sourceTree = "<group>";
		};
		E7F1DF562824215D0080199A /* Story */ = {
			isa = PBXGroup;
			children = (
				E7F1DF6228242F360080199A /* Model */,
				E7F1DF6B2824D9E30080199A /* TableViewCell */,
				E7F1DF6A2824D9DA0080199A /* CollectionViewCell */,
			);
			path = Story;
			sourceTree = "<group>";
		};
		E7F1DF5B282426A60080199A /* Global */ = {
			isa = PBXGroup;
			children = (
				E7F1DF5C282426AD0080199A /* Extention */,
			);
			path = Global;
			sourceTree = "<group>";
		};
		E7F1DF5C282426AD0080199A /* Extention */ = {
			isa = PBXGroup;
			children = (
				E758638A2829E4AC00D8EC45 /* UIColor+.swift */,
			);
			path = Extention;
			sourceTree = "<group>";
		};
		E7F1DF5F282427F40080199A /* Main */ = {
			isa = PBXGroup;
			children = (
				E78CACFF280BD24A00BED47D /* HomeTab.storyboard */,
				E7F1DF4D2823B8800080199A /* HomeTabViewController.swift */,
			);
			path = Main;
			sourceTree = "<group>";
		};
		E7F1DF6228242F360080199A /* Model */ = {
			isa = PBXGroup;
			children = (
				E7F1DF6028242D640080199A /* HomeStoryDataModel.swift */,
			);
			path = Model;
			sourceTree = "<group>";
		};
		E7F1DF6328242F400080199A /* Model */ = {
			isa = PBXGroup;
			children = (
				E7F1DF5D282426F80080199A /* HomeFeedDataModel.swift */,
			);
			path = Model;
			sourceTree = "<group>";
		};
		E7F1DF6A2824D9DA0080199A /* CollectionViewCell */ = {
			isa = PBXGroup;
			children = (
				E7F1DF57282421800080199A /* HomeStoryCollectionViewCell.swift */,
				E7F1DF58282421800080199A /* HomeStoryCollectionViewCell.xib */,
			);
			path = CollectionViewCell;
			sourceTree = "<group>";
		};
		E7F1DF6B2824D9E30080199A /* TableViewCell */ = {
			isa = PBXGroup;
			children = (
				E7F1DF662824D8880080199A /* HomeStoryTableViewCell.swift */,
				E7F1DF672824D8880080199A /* HomeStoryTableViewCell.xib */,
			);
			path = TableViewCell;
			sourceTree = "<group>";
		};
		E7F1DF6C2824DACD0080199A /* TableViewCell */ = {
			isa = PBXGroup;
			children = (
				E7F1DF512823D3640080199A /* HomeFeedTableViewCell.swift */,
				E7F1DF522823D3640080199A /* HomeFeedTableViewCell.xib */,
			);
			path = TableViewCell;
			sourceTree = "<group>";
		};
/* End PBXGroup section */

/* Begin PBXNativeTarget section */
		E7D2B530280992800095CAF8 /* iOS_assignment3 */ = {
			isa = PBXNativeTarget;
			buildConfigurationList = E7D2B55B280992810095CAF8 /* Build configuration list for PBXNativeTarget "iOS_assignment3" */;
			buildPhases = (
				C6655C23E9FBDDF69D525E6B /* [CP] Check Pods Manifest.lock */,
				E7D2B52D280992800095CAF8 /* Sources */,
				E7D2B52E280992800095CAF8 /* Frameworks */,
				E7D2B52F280992800095CAF8 /* Resources */,
				B3122AED1E89F630D5D6A292 /* [CP] Embed Pods Frameworks */,
			);
			buildRules = (
			);
			dependencies = (
			);
			name = iOS_assignment3;
			productName = iOS_assignment2;
			productReference = E7D2B531280992800095CAF8 /* iOS_assignment3.app */;
			productType = "com.apple.product-type.application";
		};
		E7D2B546280992810095CAF8 /* iOS_assignment3Tests */ = {
			isa = PBXNativeTarget;
			buildConfigurationList = E7D2B55E280992810095CAF8 /* Build configuration list for PBXNativeTarget "iOS_assignment3Tests" */;
			buildPhases = (
				99A6FA6BF952A18EF44394BA /* [CP] Check Pods Manifest.lock */,
				E7D2B543280992810095CAF8 /* Sources */,
				E7D2B544280992810095CAF8 /* Frameworks */,
				E7D2B545280992810095CAF8 /* Resources */,
			);
			buildRules = (
			);
			dependencies = (
				E7D2B549280992810095CAF8 /* PBXTargetDependency */,
			);
			name = iOS_assignment3Tests;
			productName = iOS_assignment2Tests;
			productReference = E7D2B547280992810095CAF8 /* iOS_assignment3Tests.xctest */;
			productType = "com.apple.product-type.bundle.unit-test";
		};
		E7D2B550280992810095CAF8 /* iOS_assignment3UITests */ = {
			isa = PBXNativeTarget;
			buildConfigurationList = E7D2B561280992810095CAF8 /* Build configuration list for PBXNativeTarget "iOS_assignment3UITests" */;
			buildPhases = (
				F20AF4213FE892807938B14A /* [CP] Check Pods Manifest.lock */,
				E7D2B54D280992810095CAF8 /* Sources */,
				E7D2B54E280992810095CAF8 /* Frameworks */,
				E7D2B54F280992810095CAF8 /* Resources */,
				ECCCC45928BB3FA27A865EF9 /* [CP] Embed Pods Frameworks */,
			);
			buildRules = (
			);
			dependencies = (
				E7D2B553280992810095CAF8 /* PBXTargetDependency */,
			);
			name = iOS_assignment3UITests;
			productName = iOS_assignment2UITests;
			productReference = E7D2B551280992810095CAF8 /* iOS_assignment3UITests.xctest */;
			productType = "com.apple.product-type.bundle.ui-testing";
		};
/* End PBXNativeTarget section */

/* Begin PBXProject section */
		E7D2B529280992800095CAF8 /* Project object */ = {
			isa = PBXProject;
			attributes = {
				BuildIndependentTargetsInParallel = 1;
				LastSwiftUpdateCheck = 1330;
				LastUpgradeCheck = 1330;
				TargetAttributes = {
					E7D2B530280992800095CAF8 = {
						CreatedOnToolsVersion = 13.3.1;
					};
					E7D2B546280992810095CAF8 = {
						CreatedOnToolsVersion = 13.3.1;
						TestTargetID = E7D2B530280992800095CAF8;
					};
					E7D2B550280992810095CAF8 = {
						CreatedOnToolsVersion = 13.3.1;
						TestTargetID = E7D2B530280992800095CAF8;
					};
				};
			};
			buildConfigurationList = E7D2B52C280992800095CAF8 /* Build configuration list for PBXProject "iOS_assignment3" */;
			compatibilityVersion = "Xcode 13.0";
			developmentRegion = en;
			hasScannedForEncodings = 0;
			knownRegions = (
				en,
				Base,
			);
			mainGroup = E7D2B528280992800095CAF8;
			productRefGroup = E7D2B532280992800095CAF8 /* Products */;
			projectDirPath = "";
			projectRoot = "";
			targets = (
				E7D2B530280992800095CAF8 /* iOS_assignment3 */,
				E7D2B546280992810095CAF8 /* iOS_assignment3Tests */,
				E7D2B550280992810095CAF8 /* iOS_assignment3UITests */,
			);
		};
/* End PBXProject section */

/* Begin PBXResourcesBuildPhase section */
		E7D2B52F280992800095CAF8 /* Resources */ = {
			isa = PBXResourcesBuildPhase;
			buildActionMask = 2147483647;
			files = (
				E79E38FB280BC30700988525 /* MainTab.storyboard in Resources */,
				E78CAD00280BD24A00BED47D /* HomeTab.storyboard in Resources */,
				E7F1DF692824D8880080199A /* HomeStoryTableViewCell.xib in Resources */,
				E7F1DF542823D3640080199A /* HomeFeedTableViewCell.xib in Resources */,
				E78CAD08280BD29000BED47D /* SOPTTab.storyboard in Resources */,
				E7D2B541280992810095CAF8 /* LaunchScreen.storyboard in Resources */,
				E78CAD06280BD27B00BED47D /* ShopTap.storyboard in Resources */,
				E7D2B53E280992810095CAF8 /* Assets.xcassets in Resources */,
				E79E38F7280BABA000988525 /* SignInCompleted.storyboard in Resources */,
				E7F1DF5A282421800080199A /* HomeStoryCollectionViewCell.xib in Resources */,
				E7EA8FD3280A824B00C2A2C0 /* SignUpUserName.storyboard in Resources */,
				E78C75B4280C05F6000CBF39 /* ReelsTab.storyboard in Resources */,
				E7D2B53C280992800095CAF8 /* Main.storyboard in Resources */,
				E75863892829E3AA00D8EC45 /* Colors.xcassets in Resources */,
				E7EA8FD5280A825700C2A2C0 /* SignUpPassword.storyboard in Resources */,
				E78CAD02280BD26000BED47D /* SearchTab.storyboard in Resources */,
			);
			runOnlyForDeploymentPostprocessing = 0;
		};
		E7D2B545280992810095CAF8 /* Resources */ = {
			isa = PBXResourcesBuildPhase;
			buildActionMask = 2147483647;
			files = (
			);
			runOnlyForDeploymentPostprocessing = 0;
		};
		E7D2B54F280992810095CAF8 /* Resources */ = {
			isa = PBXResourcesBuildPhase;
			buildActionMask = 2147483647;
			files = (
			);
			runOnlyForDeploymentPostprocessing = 0;
		};
/* End PBXResourcesBuildPhase section */

/* Begin PBXShellScriptBuildPhase section */
		99A6FA6BF952A18EF44394BA /* [CP] Check Pods Manifest.lock */ = {
			isa = PBXShellScriptBuildPhase;
			buildActionMask = 2147483647;
			files = (
			);
			inputFileListPaths = (
			);
			inputPaths = (
				"${PODS_PODFILE_DIR_PATH}/Podfile.lock",
				"${PODS_ROOT}/Manifest.lock",
			);
			name = "[CP] Check Pods Manifest.lock";
			outputFileListPaths = (
			);
			outputPaths = (
				"$(DERIVED_FILE_DIR)/Pods-iOS_assignment3Tests-checkManifestLockResult.txt",
			);
			runOnlyForDeploymentPostprocessing = 0;
			shellPath = /bin/sh;
			shellScript = "diff \"${PODS_PODFILE_DIR_PATH}/Podfile.lock\" \"${PODS_ROOT}/Manifest.lock\" > /dev/null\nif [ $? != 0 ] ; then\n    # print error to STDERR\n    echo \"error: The sandbox is not in sync with the Podfile.lock. Run 'pod install' or update your CocoaPods installation.\" >&2\n    exit 1\nfi\n# This output is used by Xcode 'outputs' to avoid re-running this script phase.\necho \"SUCCESS\" > \"${SCRIPT_OUTPUT_FILE_0}\"\n";
			showEnvVarsInLog = 0;
		};
		B3122AED1E89F630D5D6A292 /* [CP] Embed Pods Frameworks */ = {
			isa = PBXShellScriptBuildPhase;
			buildActionMask = 2147483647;
			files = (
			);
			inputFileListPaths = (
				"${PODS_ROOT}/Target Support Files/Pods-iOS_assignment3/Pods-iOS_assignment3-frameworks-${CONFIGURATION}-input-files.xcfilelist",
			);
			name = "[CP] Embed Pods Frameworks";
			outputFileListPaths = (
				"${PODS_ROOT}/Target Support Files/Pods-iOS_assignment3/Pods-iOS_assignment3-frameworks-${CONFIGURATION}-output-files.xcfilelist",
			);
			runOnlyForDeploymentPostprocessing = 0;
			shellPath = /bin/sh;
			shellScript = "\"${PODS_ROOT}/Target Support Files/Pods-iOS_assignment3/Pods-iOS_assignment3-frameworks.sh\"\n";
			showEnvVarsInLog = 0;
		};
		C6655C23E9FBDDF69D525E6B /* [CP] Check Pods Manifest.lock */ = {
			isa = PBXShellScriptBuildPhase;
			buildActionMask = 2147483647;
			files = (
			);
			inputFileListPaths = (
			);
			inputPaths = (
				"${PODS_PODFILE_DIR_PATH}/Podfile.lock",
				"${PODS_ROOT}/Manifest.lock",
			);
			name = "[CP] Check Pods Manifest.lock";
			outputFileListPaths = (
			);
			outputPaths = (
				"$(DERIVED_FILE_DIR)/Pods-iOS_assignment3-checkManifestLockResult.txt",
			);
			runOnlyForDeploymentPostprocessing = 0;
			shellPath = /bin/sh;
			shellScript = "diff \"${PODS_PODFILE_DIR_PATH}/Podfile.lock\" \"${PODS_ROOT}/Manifest.lock\" > /dev/null\nif [ $? != 0 ] ; then\n    # print error to STDERR\n    echo \"error: The sandbox is not in sync with the Podfile.lock. Run 'pod install' or update your CocoaPods installation.\" >&2\n    exit 1\nfi\n# This output is used by Xcode 'outputs' to avoid re-running this script phase.\necho \"SUCCESS\" > \"${SCRIPT_OUTPUT_FILE_0}\"\n";
			showEnvVarsInLog = 0;
		};
		ECCCC45928BB3FA27A865EF9 /* [CP] Embed Pods Frameworks */ = {
			isa = PBXShellScriptBuildPhase;
			buildActionMask = 2147483647;
			files = (
			);
			inputFileListPaths = (
				"${PODS_ROOT}/Target Support Files/Pods-iOS_assignment3-iOS_assignment3UITests/Pods-iOS_assignment3-iOS_assignment3UITests-frameworks-${CONFIGURATION}-input-files.xcfilelist",
			);
			name = "[CP] Embed Pods Frameworks";
			outputFileListPaths = (
				"${PODS_ROOT}/Target Support Files/Pods-iOS_assignment3-iOS_assignment3UITests/Pods-iOS_assignment3-iOS_assignment3UITests-frameworks-${CONFIGURATION}-output-files.xcfilelist",
			);
			runOnlyForDeploymentPostprocessing = 0;
			shellPath = /bin/sh;
			shellScript = "\"${PODS_ROOT}/Target Support Files/Pods-iOS_assignment3-iOS_assignment3UITests/Pods-iOS_assignment3-iOS_assignment3UITests-frameworks.sh\"\n";
			showEnvVarsInLog = 0;
		};
		F20AF4213FE892807938B14A /* [CP] Check Pods Manifest.lock */ = {
			isa = PBXShellScriptBuildPhase;
			buildActionMask = 2147483647;
			files = (
			);
			inputFileListPaths = (
			);
			inputPaths = (
				"${PODS_PODFILE_DIR_PATH}/Podfile.lock",
				"${PODS_ROOT}/Manifest.lock",
			);
			name = "[CP] Check Pods Manifest.lock";
			outputFileListPaths = (
			);
			outputPaths = (
				"$(DERIVED_FILE_DIR)/Pods-iOS_assignment3-iOS_assignment3UITests-checkManifestLockResult.txt",
			);
			runOnlyForDeploymentPostprocessing = 0;
			shellPath = /bin/sh;
			shellScript = "diff \"${PODS_PODFILE_DIR_PATH}/Podfile.lock\" \"${PODS_ROOT}/Manifest.lock\" > /dev/null\nif [ $? != 0 ] ; then\n    # print error to STDERR\n    echo \"error: The sandbox is not in sync with the Podfile.lock. Run 'pod install' or update your CocoaPods installation.\" >&2\n    exit 1\nfi\n# This output is used by Xcode 'outputs' to avoid re-running this script phase.\necho \"SUCCESS\" > \"${SCRIPT_OUTPUT_FILE_0}\"\n";
			showEnvVarsInLog = 0;
		};
/* End PBXShellScriptBuildPhase section */

/* Begin PBXSourcesBuildPhase section */
		E7D2B52D280992800095CAF8 /* Sources */ = {
			isa = PBXSourcesBuildPhase;
			buildActionMask = 2147483647;
			files = (
				E7F1DF532823D3640080199A /* HomeFeedTableViewCell.swift in Sources */,
				E7F1DF6128242D640080199A /* HomeStoryDataModel.swift in Sources */,
				E78C75B9280C11EB000CBF39 /* ReelsTabViewController.swift in Sources */,
				E7D2B565280A5C780095CAF8 /* LoginViewController.swift in Sources */,
				E7633CC1282C8C5B00F0EF04 /* UserService.swift in Sources */,
				E7633CB9282C8B7C00F0EF04 /* APIConstants.swift in Sources */,
				E7F1DF5E282426F80080199A /* HomeFeedDataModel.swift in Sources */,
				E7169963282D4C0600386B9C /* SignUpModel.swift in Sources */,
				E7EA8FD7280A826D00C2A2C0 /* SignUpUserNameViewController.swift in Sources */,
				E7EA8FD9280A827B00C2A2C0 /* SignUpPasswordViewController.swift in Sources */,
				E7D2B535280992800095CAF8 /* AppDelegate.swift in Sources */,
				E7F1DF682824D8880080199A /* HomeStoryTableViewCell.swift in Sources */,
				E7F1DF4E2823B8800080199A /* HomeTabViewController.swift in Sources */,
				E758638B2829E4AC00D8EC45 /* UIColor+.swift in Sources */,
				E79E38F9280BABAC00988525 /* SignInCompletedViewController.swift in Sources */,
				E7633CBE282C8C2300F0EF04 /* LoginModel.swift in Sources */,
				E7D2B537280992800095CAF8 /* SceneDelegate.swift in Sources */,
				E78C75A9280BDDBC000CBF39 /* MainTabViewController.swift in Sources */,
				E7633CBB282C8BEC00F0EF04 /* NetworkResult.swift in Sources */,
				E7F1DF59282421800080199A /* HomeStoryCollectionViewCell.swift in Sources */,
			);
			runOnlyForDeploymentPostprocessing = 0;
		};
		E7D2B543280992810095CAF8 /* Sources */ = {
			isa = PBXSourcesBuildPhase;
			buildActionMask = 2147483647;
			files = (
			);
			runOnlyForDeploymentPostprocessing = 0;
		};
		E7D2B54D280992810095CAF8 /* Sources */ = {
			isa = PBXSourcesBuildPhase;
			buildActionMask = 2147483647;
			files = (
			);
			runOnlyForDeploymentPostprocessing = 0;
		};
/* End PBXSourcesBuildPhase section */

/* Begin PBXTargetDependency section */
		E7D2B549280992810095CAF8 /* PBXTargetDependency */ = {
			isa = PBXTargetDependency;
			target = E7D2B530280992800095CAF8 /* iOS_assignment3 */;
			targetProxy = E7D2B548280992810095CAF8 /* PBXContainerItemProxy */;
		};
		E7D2B553280992810095CAF8 /* PBXTargetDependency */ = {
			isa = PBXTargetDependency;
			target = E7D2B530280992800095CAF8 /* iOS_assignment3 */;
			targetProxy = E7D2B552280992810095CAF8 /* PBXContainerItemProxy */;
		};
/* End PBXTargetDependency section */

/* Begin PBXVariantGroup section */
		E7D2B53A280992800095CAF8 /* Main.storyboard */ = {
			isa = PBXVariantGroup;
			children = (
				E7D2B53B280992800095CAF8 /* Base */,
			);
			name = Main.storyboard;
			sourceTree = "<group>";
		};
		E7D2B53F280992810095CAF8 /* LaunchScreen.storyboard */ = {
			isa = PBXVariantGroup;
			children = (
				E7D2B540280992810095CAF8 /* Base */,
			);
			name = LaunchScreen.storyboard;
			sourceTree = "<group>";
		};
/* End PBXVariantGroup section */

/* Begin XCBuildConfiguration section */
		E7D2B559280992810095CAF8 /* Debug */ = {
			isa = XCBuildConfiguration;
			buildSettings = {
				ALWAYS_SEARCH_USER_PATHS = NO;
				CLANG_ANALYZER_NONNULL = YES;
				CLANG_ANALYZER_NUMBER_OBJECT_CONVERSION = YES_AGGRESSIVE;
				CLANG_CXX_LANGUAGE_STANDARD = "gnu++17";
				CLANG_ENABLE_MODULES = YES;
				CLANG_ENABLE_OBJC_ARC = YES;
				CLANG_ENABLE_OBJC_WEAK = YES;
				CLANG_WARN_BLOCK_CAPTURE_AUTORELEASING = YES;
				CLANG_WARN_BOOL_CONVERSION = YES;
				CLANG_WARN_COMMA = YES;
				CLANG_WARN_CONSTANT_CONVERSION = YES;
				CLANG_WARN_DEPRECATED_OBJC_IMPLEMENTATIONS = YES;
				CLANG_WARN_DIRECT_OBJC_ISA_USAGE = YES_ERROR;
				CLANG_WARN_DOCUMENTATION_COMMENTS = YES;
				CLANG_WARN_EMPTY_BODY = YES;
				CLANG_WARN_ENUM_CONVERSION = YES;
				CLANG_WARN_INFINITE_RECURSION = YES;
				CLANG_WARN_INT_CONVERSION = YES;
				CLANG_WARN_NON_LITERAL_NULL_CONVERSION = YES;
				CLANG_WARN_OBJC_IMPLICIT_RETAIN_SELF = YES;
				CLANG_WARN_OBJC_LITERAL_CONVERSION = YES;
				CLANG_WARN_OBJC_ROOT_CLASS = YES_ERROR;
				CLANG_WARN_QUOTED_INCLUDE_IN_FRAMEWORK_HEADER = YES;
				CLANG_WARN_RANGE_LOOP_ANALYSIS = YES;
				CLANG_WARN_STRICT_PROTOTYPES = YES;
				CLANG_WARN_SUSPICIOUS_MOVE = YES;
				CLANG_WARN_UNGUARDED_AVAILABILITY = YES_AGGRESSIVE;
				CLANG_WARN_UNREACHABLE_CODE = YES;
				CLANG_WARN__DUPLICATE_METHOD_MATCH = YES;
				COPY_PHASE_STRIP = NO;
				DEBUG_INFORMATION_FORMAT = dwarf;
				ENABLE_STRICT_OBJC_MSGSEND = YES;
				ENABLE_TESTABILITY = YES;
				GCC_C_LANGUAGE_STANDARD = gnu11;
				GCC_DYNAMIC_NO_PIC = NO;
				GCC_NO_COMMON_BLOCKS = YES;
				GCC_OPTIMIZATION_LEVEL = 0;
				GCC_PREPROCESSOR_DEFINITIONS = (
					"DEBUG=1",
					"$(inherited)",
				);
				GCC_WARN_64_TO_32_BIT_CONVERSION = YES;
				GCC_WARN_ABOUT_RETURN_TYPE = YES_ERROR;
				GCC_WARN_UNDECLARED_SELECTOR = YES;
				GCC_WARN_UNINITIALIZED_AUTOS = YES_AGGRESSIVE;
				GCC_WARN_UNUSED_FUNCTION = YES;
				GCC_WARN_UNUSED_VARIABLE = YES;
				IPHONEOS_DEPLOYMENT_TARGET = 15.4;
				MTL_ENABLE_DEBUG_INFO = INCLUDE_SOURCE;
				MTL_FAST_MATH = YES;
				ONLY_ACTIVE_ARCH = YES;
				SDKROOT = iphoneos;
				SWIFT_ACTIVE_COMPILATION_CONDITIONS = DEBUG;
				SWIFT_OPTIMIZATION_LEVEL = "-Onone";
			};
			name = Debug;
		};
		E7D2B55A280992810095CAF8 /* Release */ = {
			isa = XCBuildConfiguration;
			buildSettings = {
				ALWAYS_SEARCH_USER_PATHS = NO;
				CLANG_ANALYZER_NONNULL = YES;
				CLANG_ANALYZER_NUMBER_OBJECT_CONVERSION = YES_AGGRESSIVE;
				CLANG_CXX_LANGUAGE_STANDARD = "gnu++17";
				CLANG_ENABLE_MODULES = YES;
				CLANG_ENABLE_OBJC_ARC = YES;
				CLANG_ENABLE_OBJC_WEAK = YES;
				CLANG_WARN_BLOCK_CAPTURE_AUTORELEASING = YES;
				CLANG_WARN_BOOL_CONVERSION = YES;
				CLANG_WARN_COMMA = YES;
				CLANG_WARN_CONSTANT_CONVERSION = YES;
				CLANG_WARN_DEPRECATED_OBJC_IMPLEMENTATIONS = YES;
				CLANG_WARN_DIRECT_OBJC_ISA_USAGE = YES_ERROR;
				CLANG_WARN_DOCUMENTATION_COMMENTS = YES;
				CLANG_WARN_EMPTY_BODY = YES;
				CLANG_WARN_ENUM_CONVERSION = YES;
				CLANG_WARN_INFINITE_RECURSION = YES;
				CLANG_WARN_INT_CONVERSION = YES;
				CLANG_WARN_NON_LITERAL_NULL_CONVERSION = YES;
				CLANG_WARN_OBJC_IMPLICIT_RETAIN_SELF = YES;
				CLANG_WARN_OBJC_LITERAL_CONVERSION = YES;
				CLANG_WARN_OBJC_ROOT_CLASS = YES_ERROR;
				CLANG_WARN_QUOTED_INCLUDE_IN_FRAMEWORK_HEADER = YES;
				CLANG_WARN_RANGE_LOOP_ANALYSIS = YES;
				CLANG_WARN_STRICT_PROTOTYPES = YES;
				CLANG_WARN_SUSPICIOUS_MOVE = YES;
				CLANG_WARN_UNGUARDED_AVAILABILITY = YES_AGGRESSIVE;
				CLANG_WARN_UNREACHABLE_CODE = YES;
				CLANG_WARN__DUPLICATE_METHOD_MATCH = YES;
				COPY_PHASE_STRIP = NO;
				DEBUG_INFORMATION_FORMAT = "dwarf-with-dsym";
				ENABLE_NS_ASSERTIONS = NO;
				ENABLE_STRICT_OBJC_MSGSEND = YES;
				GCC_C_LANGUAGE_STANDARD = gnu11;
				GCC_NO_COMMON_BLOCKS = YES;
				GCC_WARN_64_TO_32_BIT_CONVERSION = YES;
				GCC_WARN_ABOUT_RETURN_TYPE = YES_ERROR;
				GCC_WARN_UNDECLARED_SELECTOR = YES;
				GCC_WARN_UNINITIALIZED_AUTOS = YES_AGGRESSIVE;
				GCC_WARN_UNUSED_FUNCTION = YES;
				GCC_WARN_UNUSED_VARIABLE = YES;
				IPHONEOS_DEPLOYMENT_TARGET = 15.4;
				MTL_ENABLE_DEBUG_INFO = NO;
				MTL_FAST_MATH = YES;
				SDKROOT = iphoneos;
				SWIFT_COMPILATION_MODE = wholemodule;
				SWIFT_OPTIMIZATION_LEVEL = "-O";
				VALIDATE_PRODUCT = YES;
			};
			name = Release;
		};
		E7D2B55C280992810095CAF8 /* Debug */ = {
			isa = XCBuildConfiguration;
			baseConfigurationReference = 82B015B967963D0B65D153E7 /* Pods-iOS_assignment3.debug.xcconfig */;
			buildSettings = {
				ASSETCATALOG_COMPILER_APPICON_NAME = AppIcon;
				ASSETCATALOG_COMPILER_GLOBAL_ACCENT_COLOR_NAME = AccentColor;
				CODE_SIGN_STYLE = Automatic;
				CURRENT_PROJECT_VERSION = 1;
				DEVELOPMENT_TEAM = AFS6YUQ2Y4;
				GENERATE_INFOPLIST_FILE = YES;
				INFOPLIST_FILE = iOS_assignment3/Info.plist;
				INFOPLIST_KEY_UIApplicationSupportsIndirectInputEvents = YES;
				INFOPLIST_KEY_UILaunchStoryboardName = LaunchScreen;
				INFOPLIST_KEY_UIMainStoryboardFile = Main;
				INFOPLIST_KEY_UISupportedInterfaceOrientations_iPad = "UIInterfaceOrientationPortrait UIInterfaceOrientationPortraitUpsideDown UIInterfaceOrientationLandscapeLeft UIInterfaceOrientationLandscapeRight";
				INFOPLIST_KEY_UISupportedInterfaceOrientations_iPhone = "UIInterfaceOrientationPortrait UIInterfaceOrientationLandscapeLeft UIInterfaceOrientationLandscapeRight";
				LD_RUNPATH_SEARCH_PATHS = (
					"$(inherited)",
					"@executable_path/Frameworks",
				);
				MARKETING_VERSION = 1.0;
				PRODUCT_BUNDLE_IDENTIFIER = "damin.iOS-assignment3";
				PRODUCT_NAME = "$(TARGET_NAME)";
				SWIFT_EMIT_LOC_STRINGS = YES;
				SWIFT_VERSION = 5.0;
				TARGETED_DEVICE_FAMILY = "1,2";
			};
			name = Debug;
		};
		E7D2B55D280992810095CAF8 /* Release */ = {
			isa = XCBuildConfiguration;
			baseConfigurationReference = 9C2E190BDA3E6CC449F989CD /* Pods-iOS_assignment3.release.xcconfig */;
			buildSettings = {
				ASSETCATALOG_COMPILER_APPICON_NAME = AppIcon;
				ASSETCATALOG_COMPILER_GLOBAL_ACCENT_COLOR_NAME = AccentColor;
				CODE_SIGN_STYLE = Automatic;
				CURRENT_PROJECT_VERSION = 1;
				DEVELOPMENT_TEAM = AFS6YUQ2Y4;
				GENERATE_INFOPLIST_FILE = YES;
				INFOPLIST_FILE = iOS_assignment3/Info.plist;
				INFOPLIST_KEY_UIApplicationSupportsIndirectInputEvents = YES;
				INFOPLIST_KEY_UILaunchStoryboardName = LaunchScreen;
				INFOPLIST_KEY_UIMainStoryboardFile = Main;
				INFOPLIST_KEY_UISupportedInterfaceOrientations_iPad = "UIInterfaceOrientationPortrait UIInterfaceOrientationPortraitUpsideDown UIInterfaceOrientationLandscapeLeft UIInterfaceOrientationLandscapeRight";
				INFOPLIST_KEY_UISupportedInterfaceOrientations_iPhone = "UIInterfaceOrientationPortrait UIInterfaceOrientationLandscapeLeft UIInterfaceOrientationLandscapeRight";
				LD_RUNPATH_SEARCH_PATHS = (
					"$(inherited)",
					"@executable_path/Frameworks",
				);
				MARKETING_VERSION = 1.0;
				PRODUCT_BUNDLE_IDENTIFIER = "damin.iOS-assignment3";
				PRODUCT_NAME = "$(TARGET_NAME)";
				SWIFT_EMIT_LOC_STRINGS = YES;
				SWIFT_VERSION = 5.0;
				TARGETED_DEVICE_FAMILY = "1,2";
			};
			name = Release;
		};
		E7D2B55F280992810095CAF8 /* Debug */ = {
			isa = XCBuildConfiguration;
			baseConfigurationReference = 46F09818296E12024F621719 /* Pods-iOS_assignment3Tests.debug.xcconfig */;
			buildSettings = {
				ALWAYS_EMBED_SWIFT_STANDARD_LIBRARIES = YES;
				BUNDLE_LOADER = "$(TEST_HOST)";
				CODE_SIGN_STYLE = Automatic;
				CURRENT_PROJECT_VERSION = 1;
				DEVELOPMENT_TEAM = AFS6YUQ2Y4;
				GENERATE_INFOPLIST_FILE = YES;
				IPHONEOS_DEPLOYMENT_TARGET = 15.4;
				MARKETING_VERSION = 1.0;
				PRODUCT_BUNDLE_IDENTIFIER = "damin.iOS-assignment2Tests";
				PRODUCT_NAME = "$(TARGET_NAME)";
				SWIFT_EMIT_LOC_STRINGS = NO;
				SWIFT_VERSION = 5.0;
				TARGETED_DEVICE_FAMILY = "1,2";
				TEST_HOST = "$(BUILT_PRODUCTS_DIR)/iOS_assignment3.app/iOS_assignment3";
			};
			name = Debug;
		};
		E7D2B560280992810095CAF8 /* Release */ = {
			isa = XCBuildConfiguration;
			baseConfigurationReference = 15CE8740BE10B5615762CFB6 /* Pods-iOS_assignment3Tests.release.xcconfig */;
			buildSettings = {
				ALWAYS_EMBED_SWIFT_STANDARD_LIBRARIES = YES;
				BUNDLE_LOADER = "$(TEST_HOST)";
				CODE_SIGN_STYLE = Automatic;
				CURRENT_PROJECT_VERSION = 1;
				DEVELOPMENT_TEAM = AFS6YUQ2Y4;
				GENERATE_INFOPLIST_FILE = YES;
				IPHONEOS_DEPLOYMENT_TARGET = 15.4;
				MARKETING_VERSION = 1.0;
				PRODUCT_BUNDLE_IDENTIFIER = "damin.iOS-assignment2Tests";
				PRODUCT_NAME = "$(TARGET_NAME)";
				SWIFT_EMIT_LOC_STRINGS = NO;
				SWIFT_VERSION = 5.0;
				TARGETED_DEVICE_FAMILY = "1,2";
				TEST_HOST = "$(BUILT_PRODUCTS_DIR)/iOS_assignment3.app/iOS_assignment3";
			};
			name = Release;
		};
		E7D2B562280992810095CAF8 /* Debug */ = {
			isa = XCBuildConfiguration;
			baseConfigurationReference = FE97E232B3A8233D0FC1CA82 /* Pods-iOS_assignment3-iOS_assignment3UITests.debug.xcconfig */;
			buildSettings = {
				ALWAYS_EMBED_SWIFT_STANDARD_LIBRARIES = YES;
				CODE_SIGN_STYLE = Automatic;
				CURRENT_PROJECT_VERSION = 1;
				DEVELOPMENT_TEAM = AFS6YUQ2Y4;
				GENERATE_INFOPLIST_FILE = YES;
				MARKETING_VERSION = 1.0;
				PRODUCT_BUNDLE_IDENTIFIER = "damin.iOS-assignment2UITests";
				PRODUCT_NAME = "$(TARGET_NAME)";
				SWIFT_EMIT_LOC_STRINGS = NO;
				SWIFT_VERSION = 5.0;
				TARGETED_DEVICE_FAMILY = "1,2";
				TEST_TARGET_NAME = iOS_assignment2;
			};
			name = Debug;
		};
		E7D2B563280992810095CAF8 /* Release */ = {
			isa = XCBuildConfiguration;
			baseConfigurationReference = 50D6E745D613F601E6802621 /* Pods-iOS_assignment3-iOS_assignment3UITests.release.xcconfig */;
			buildSettings = {
				ALWAYS_EMBED_SWIFT_STANDARD_LIBRARIES = YES;
				CODE_SIGN_STYLE = Automatic;
				CURRENT_PROJECT_VERSION = 1;
				DEVELOPMENT_TEAM = AFS6YUQ2Y4;
				GENERATE_INFOPLIST_FILE = YES;
				MARKETING_VERSION = 1.0;
				PRODUCT_BUNDLE_IDENTIFIER = "damin.iOS-assignment2UITests";
				PRODUCT_NAME = "$(TARGET_NAME)";
				SWIFT_EMIT_LOC_STRINGS = NO;
				SWIFT_VERSION = 5.0;
				TARGETED_DEVICE_FAMILY = "1,2";
				TEST_TARGET_NAME = iOS_assignment2;
			};
			name = Release;
		};
/* End XCBuildConfiguration section */

/* Begin XCConfigurationList section */
		E7D2B52C280992800095CAF8 /* Build configuration list for PBXProject "iOS_assignment3" */ = {
			isa = XCConfigurationList;
			buildConfigurations = (
				E7D2B559280992810095CAF8 /* Debug */,
				E7D2B55A280992810095CAF8 /* Release */,
			);
			defaultConfigurationIsVisible = 0;
			defaultConfigurationName = Release;
		};
		E7D2B55B280992810095CAF8 /* Build configuration list for PBXNativeTarget "iOS_assignment3" */ = {
			isa = XCConfigurationList;
			buildConfigurations = (
				E7D2B55C280992810095CAF8 /* Debug */,
				E7D2B55D280992810095CAF8 /* Release */,
			);
			defaultConfigurationIsVisible = 0;
			defaultConfigurationName = Release;
		};
		E7D2B55E280992810095CAF8 /* Build configuration list for PBXNativeTarget "iOS_assignment3Tests" */ = {
			isa = XCConfigurationList;
			buildConfigurations = (
				E7D2B55F280992810095CAF8 /* Debug */,
				E7D2B560280992810095CAF8 /* Release */,
			);
			defaultConfigurationIsVisible = 0;
			defaultConfigurationName = Release;
		};
		E7D2B561280992810095CAF8 /* Build configuration list for PBXNativeTarget "iOS_assignment3UITests" */ = {
			isa = XCConfigurationList;
			buildConfigurations = (
				E7D2B562280992810095CAF8 /* Debug */,
				E7D2B563280992810095CAF8 /* Release */,
			);
			defaultConfigurationIsVisible = 0;
			defaultConfigurationName = Release;
		};
/* End XCConfigurationList section */
	};
	rootObject = E7D2B529280992800095CAF8 /* Project object */;
}
